
Microsoft Visual Studio Solution File, Format Version 12.00
# Visual Studio Version 17
VisualStudioVersion = 17.14.36109.1 d17.14
MinimumVisualStudioVersion = 10.0.40219.1
Project("{8BC9CEB8-8B4A-11D0-8D11-00A0C91BC942}") = "HW02", "HW02\HW02.vcxproj", "{FC308283-3E95-4A89-A307-456155574AAE}"
EndProject
Global
	GlobalSection(SolutionConfigurationPlatforms) = preSolution
		Debug|x64 = Debug|x64
		Debug|x86 = Debug|x86
		Release|x64 = Release|x64
		Release|x86 = Release|x86
	EndGlobalSection
	GlobalSection(ProjectConfigurationPlatforms) = postSolution
		{FC308283-3E95-4A89-A307-456155574AAE}.Debug|x64.ActiveCfg = Debug|x64
		{FC308283-3E95-4A89-A307-456155574AAE}.Debug|x64.Build.0 = Debug|x64
		{FC308283-3E95-4A89-A307-456155574AAE}.Debug|x86.ActiveCfg = Debug|Win32
		{FC308283-3E95-4A89-A307-456155574AAE}.Debug|x86.Build.0 = Debug|Win32
		{FC308283-3E95-4A89-A307-456155574AAE}.Release|x64.ActiveCfg = Release|x64
		{FC308283-3E95-4A89-A307-456155574AAE}.Release|x64.Build.0 = Release|x64
		{FC308283-3E95-4A89-A307-456155574AAE}.Release|x86.ActiveCfg = Release|Win32
		{FC308283-3E95-4A89-A307-456155574AAE}.Release|x86.Build.0 = Release|Win32
	EndGlobalSection
	GlobalSection(SolutionProperties) = preSolution
		HideSolutionNode = FALSE
	EndGlobalSection
	GlobalSection(ExtensibilityGlobals) = postSolution
		SolutionGuid = {2D615FA6-FE88-4FD5-8379-5A26D92B25A1}
	EndGlobalSection
EndGlobal
